
Microsoft Visual Studio Solution File, Format Version 12.00
# Visual Studio 15
VisualStudioVersion = 15.0.28307.645
MinimumVisualStudioVersion = 10.0.40219.1
Project("{FAE04EC0-301F-11D3-BF4B-00C04F79EFBC}") = "SignalRCoreWebApiServer", "SignalRCoreServer\SignalRCoreWebApiServer.csproj", "{ABFC337A-C15C-4913-A6CB-CF8D5AF3AB25}"
EndProject
Project("{FAE04EC0-301F-11D3-BF4B-00C04F79EFBC}") = "SignalRCoreXamarinClient", "SignalRCoreXamarinClient\SignalRCoreXamarinClient.csproj", "{75E1ABDB-5616-4C24-B7CE-E79BAD78FF49}"
EndProject
Global
	GlobalSection(SolutionConfigurationPlatforms) = preSolution
		Debug|Any CPU = Debug|Any CPU
		Release|Any CPU = Release|Any CPU
	EndGlobalSection
	GlobalSection(ProjectConfigurationPlatforms) = postSolution
		{ABFC337A-C15C-4913-A6CB-CF8D5AF3AB25}.Debug|Any CPU.ActiveCfg = Debug|Any CPU
		{ABFC337A-C15C-4913-A6CB-CF8D5AF3AB25}.Debug|Any CPU.Build.0 = Debug|Any CPU
		{ABFC337A-C15C-4913-A6CB-CF8D5AF3AB25}.Release|Any CPU.ActiveCfg = Release|Any CPU
		{ABFC337A-C15C-4913-A6CB-CF8D5AF3AB25}.Release|Any CPU.Build.0 = Release|Any CPU
		{75E1ABDB-5616-4C24-B7CE-E79BAD78FF49}.Debug|Any CPU.ActiveCfg = Debug|Any CPU
		{75E1ABDB-5616-4C24-B7CE-E79BAD78FF49}.Debug|Any CPU.Build.0 = Debug|Any CPU
		{75E1ABDB-5616-4C24-B7CE-E79BAD78FF49}.Debug|Any CPU.Deploy.0 = Debug|Any CPU
		{75E1ABDB-5616-4C24-B7CE-E79BAD78FF49}.Release|Any CPU.ActiveCfg = Release|Any CPU
		{75E1ABDB-5616-4C24-B7CE-E79BAD78FF49}.Release|Any CPU.Build.0 = Release|Any CPU
		{75E1ABDB-5616-4C24-B7CE-E79BAD78FF49}.Release|Any CPU.Deploy.0 = Release|Any CPU
	EndGlobalSection
	GlobalSection(SolutionProperties) = preSolution
		HideSolutionNode = FALSE
	EndGlobalSection
	GlobalSection(ExtensibilityGlobals) = postSolution
		SolutionGuid = {A3458237-6845-4F1F-AB52-BD12F116FE6E}
	EndGlobalSection
EndGlobal
